
Microsoft Visual Studio Solution File, Format Version 12.00
# Visual Studio Version 17
VisualStudioVersion = 17.8.34511.84
MinimumVisualStudioVersion = 10.0.40219.1
Project("{9A19103F-16F7-4668-BE54-9A1E7A4F7556}") = "DataAccess", "DataAccess\DataAccess.csproj", "{3C8D6157-13BA-4C2D-9B86-A490F4671ADB}"
EndProject
Project("{9A19103F-16F7-4668-BE54-9A1E7A4F7556}") = "Business", "Business\Business.csproj", "{5CBCF28E-3114-477D-8D8F-29BB9B76DB34}"
EndProject
Project("{9A19103F-16F7-4668-BE54-9A1E7A4F7556}") = "Entities", "Entities\Entities.csproj", "{A2595A39-8C5C-4047-A7D9-2745DFEECFD3}"
EndProject
Project("{9A19103F-16F7-4668-BE54-9A1E7A4F7556}") = "ConsoleUI", "ConsoleUI\ConsoleUI.csproj", "{B0C619C2-25AC-44F8-A3BC-772F364F52D7}"
EndProject
Project("{9A19103F-16F7-4668-BE54-9A1E7A4F7556}") = "Core", "Core\Core.csproj", "{004EE708-ADAE-4626-9719-8BC3D4B475F6}"
EndProject
Project("{FAE04EC0-301F-11D3-BF4B-00C04F79EFBC}") = "WebAPI", "WebAPI\WebAPI.csproj", "{487E5831-B191-46AF-82EA-BA7892444D08}"
EndProject
Global
	GlobalSection(SolutionConfigurationPlatforms) = preSolution
		Debug|Any CPU = Debug|Any CPU
		Release|Any CPU = Release|Any CPU
	EndGlobalSection
	GlobalSection(ProjectConfigurationPlatforms) = postSolution
		{3C8D6157-13BA-4C2D-9B86-A490F4671ADB}.Debug|Any CPU.ActiveCfg = Debug|Any CPU
		{3C8D6157-13BA-4C2D-9B86-A490F4671ADB}.Debug|Any CPU.Build.0 = Debug|Any CPU
		{3C8D6157-13BA-4C2D-9B86-A490F4671ADB}.Release|Any CPU.ActiveCfg = Release|Any CPU
		{3C8D6157-13BA-4C2D-9B86-A490F4671ADB}.Release|Any CPU.Build.0 = Release|Any CPU
		{5CBCF28E-3114-477D-8D8F-29BB9B76DB34}.Debug|Any CPU.ActiveCfg = Debug|Any CPU
		{5CBCF28E-3114-477D-8D8F-29BB9B76DB34}.Debug|Any CPU.Build.0 = Debug|Any CPU
		{5CBCF28E-3114-477D-8D8F-29BB9B76DB34}.Release|Any CPU.ActiveCfg = Release|Any CPU
		{5CBCF28E-3114-477D-8D8F-29BB9B76DB34}.Release|Any CPU.Build.0 = Release|Any CPU
		{A2595A39-8C5C-4047-A7D9-2745DFEECFD3}.Debug|Any CPU.ActiveCfg = Debug|Any CPU
		{A2595A39-8C5C-4047-A7D9-2745DFEECFD3}.Debug|Any CPU.Build.0 = Debug|Any CPU
		{A2595A39-8C5C-4047-A7D9-2745DFEECFD3}.Release|Any CPU.ActiveCfg = Release|Any CPU
		{A2595A39-8C5C-4047-A7D9-2745DFEECFD3}.Release|Any CPU.Build.0 = Release|Any CPU
		{B0C619C2-25AC-44F8-A3BC-772F364F52D7}.Debug|Any CPU.ActiveCfg = Debug|Any CPU
		{B0C619C2-25AC-44F8-A3BC-772F364F52D7}.Debug|Any CPU.Build.0 = Debug|Any CPU
		{B0C619C2-25AC-44F8-A3BC-772F364F52D7}.Release|Any CPU.ActiveCfg = Release|Any CPU
		{B0C619C2-25AC-44F8-A3BC-772F364F52D7}.Release|Any CPU.Build.0 = Release|Any CPU
		{004EE708-ADAE-4626-9719-8BC3D4B475F6}.Debug|Any CPU.ActiveCfg = Debug|Any CPU
		{004EE708-ADAE-4626-9719-8BC3D4B475F6}.Debug|Any CPU.Build.0 = Debug|Any CPU
		{004EE708-ADAE-4626-9719-8BC3D4B475F6}.Release|Any CPU.ActiveCfg = Release|Any CPU
		{004EE708-ADAE-4626-9719-8BC3D4B475F6}.Release|Any CPU.Build.0 = Release|Any CPU
		{487E5831-B191-46AF-82EA-BA7892444D08}.Debug|Any CPU.ActiveCfg = Debug|Any CPU
		{487E5831-B191-46AF-82EA-BA7892444D08}.Debug|Any CPU.Build.0 = Debug|Any CPU
		{487E5831-B191-46AF-82EA-BA7892444D08}.Release|Any CPU.ActiveCfg = Release|Any CPU
		{487E5831-B191-46AF-82EA-BA7892444D08}.Release|Any CPU.Build.0 = Release|Any CPU
	EndGlobalSection
	GlobalSection(SolutionProperties) = preSolution
		HideSolutionNode = FALSE
	EndGlobalSection
	GlobalSection(ExtensibilityGlobals) = postSolution
		SolutionGuid = {D0F293A5-6057-4DFD-BB5C-C78A7540B190}
	EndGlobalSection
EndGlobal
